
Microsoft Visual Studio Solution File, Format Version 12.00
# Visual Studio 15
VisualStudioVersion = 15.0.28307.852
MinimumVisualStudioVersion = 10.0.40219.1
Project("{FAE04EC0-301F-11D3-BF4B-00C04F79EFBC}") = "school-personnel-management", "school-personnel-management\school-personnel-management.csproj", "{12B9921F-4015-4D1B-BBCE-E86CF3FA7DA5}"
EndProject
Global
	GlobalSection(SolutionConfigurationPlatforms) = preSolution
		Debug|Any CPU = Debug|Any CPU
		Release|Any CPU = Release|Any CPU
	EndGlobalSection
	GlobalSection(ProjectConfigurationPlatforms) = postSolution
		{12B9921F-4015-4D1B-BBCE-E86CF3FA7DA5}.Debug|Any CPU.ActiveCfg = Debug|Any CPU
		{12B9921F-4015-4D1B-BBCE-E86CF3FA7DA5}.Debug|Any CPU.Build.0 = Debug|Any CPU
		{12B9921F-4015-4D1B-BBCE-E86CF3FA7DA5}.Release|Any CPU.ActiveCfg = Release|Any CPU
		{12B9921F-4015-4D1B-BBCE-E86CF3FA7DA5}.Release|Any CPU.Build.0 = Release|Any CPU
	EndGlobalSection
	GlobalSection(SolutionProperties) = preSolution
		HideSolutionNode = FALSE
	EndGlobalSection
	GlobalSection(ExtensibilityGlobals) = postSolution
		SolutionGuid = {0FD41A42-B58D-4603-A2FA-7BD1E163E570}
	EndGlobalSection
EndGlobal
